
Microsoft Visual Studio Solution File, Format Version 12.00
# Visual Studio Version 16
VisualStudioVersion = 16.0.29911.84
MinimumVisualStudioVersion = 10.0.40219.1
Project("{FAE04EC0-301F-11D3-BF4B-00C04F79EFBC}") = "ASPNETWebDemo", "ASPNETWebDemo\ASPNETWebDemo.csproj", "{83A6B5AA-4C81-43C1-A6F2-FD093E1699DA}"
EndProject
Global
	GlobalSection(SolutionConfigurationPlatforms) = preSolution
		Debug|Any CPU = Debug|Any CPU
		Release|Any CPU = Release|Any CPU
	EndGlobalSection
	GlobalSection(ProjectConfigurationPlatforms) = postSolution
		{83A6B5AA-4C81-43C1-A6F2-FD093E1699DA}.Debug|Any CPU.ActiveCfg = Debug|Any CPU
		{83A6B5AA-4C81-43C1-A6F2-FD093E1699DA}.Debug|Any CPU.Build.0 = Debug|Any CPU
		{83A6B5AA-4C81-43C1-A6F2-FD093E1699DA}.Release|Any CPU.ActiveCfg = Release|Any CPU
		{83A6B5AA-4C81-43C1-A6F2-FD093E1699DA}.Release|Any CPU.Build.0 = Release|Any CPU
	EndGlobalSection
	GlobalSection(SolutionProperties) = preSolution
		HideSolutionNode = FALSE
	EndGlobalSection
	GlobalSection(ExtensibilityGlobals) = postSolution
		SolutionGuid = {A0F65F92-7B53-401C-AA1D-59A01F6CB729}
	EndGlobalSection
EndGlobal
